<?xml version="1.0" encoding="utf-8"?>
<Project ToolsVersion="4.0" xmlns="http://schemas.microsoft.com/developer/msbuild/2003">
  <ItemGroup>
    <ClInclude Include="Window.h" />
    <ClInclude Include="Symbols.h" />
    <ClInclude Include="Graphics\Renderer.h" />
    <ClInclude Include="Graphics\UniformBuffer.h" />
    <ClInclude Include="IO\File.h" />
    <ClInclude Include="Graphics\Camera.h" />
    <ClInclude Include="Graphics\Colors.h" />
    <ClInclude Include="Graphics\Textures\ITexture.h" />
    <ClInclude Include="Graphics\Textures\CubeMap.h" />
    <ClInclude Include="Graphics\Textures\Texture2D.h" />
    <ClInclude Include="Graphics\Buffers\FrameBuffer.h" />
    <ClInclude Include="Graphics\Objects\Skybox\Skybox.h" />
    <ClInclude Include="Graphics\Objects\IObject.h" />
    <ClInclude Include="Graphics\UI\UIManager.h" />
    <ClInclude Include="Graphics\UI\IWidget.h" />
    <ClInclude Include="Graphics\Objects\Text\Text.h" />
    <ClInclude Include="Graphics\Matrices\ModelMatrix.h" />
    <ClInclude Include="Graphics\Matrices\ProjectionMatrix.h" />
    <ClInclude Include="Graphics\Matrices\ViewMatrix.h" />
    <ClInclude Include="Graphics\Buffers\VertexBuffer.h" />
    <ClInclude Include="Graphics\Buffers\ElementBuffer.h" />
    <ClInclude Include="Graphics\Buffers\Vertex.h" />
    <ClInclude Include="Graphics\Objects\Cameras\CameraManager.h" />
    <ClInclude Include="Graphics\Objects\Cameras\FixedCamera.h" />
    <ClInclude Include="Graphics\Objects\Cameras\FreeCamera.h" />
    <ClInclude Include="Graphics\Objects\Cameras\ICamera.h" />
    <ClInclude Include="Graphics\Objects\Cameras\PivotCamera.h" />
    <ClInclude Include="Graphics\Textures\Atlas.h" />
    <ClInclude Include="Graphics\Objects\Sources\LightSource\LightSource.h" />
    <ClInclude Include="Graphics\Objects\Sources\AudioSource\AudioSource.h" />
    <ClInclude Include="Graphics\Objects\Listener\AudioListener.h" />
    <ClInclude Include="Graphics\Objects\Model\Model.h" />
    <ClInclude Include="Graphics\Objects\Sprite\Sprite.h" />
    <ClInclude Include="Graphics\Objects\Model\Mesh.h" />
    <ClInclude Include="Graphics\Shaders\ShaderProgram.h" />
    <ClInclude Include="Graphics\Light\Light.h" />
    <ClInclude Include="Graphics\Buffers\IDrawableBuffer.h" />
    <ClInclude Include="Graphics\Renderer\IRenderer.h" />
    <ClInclude Include="Graphics\Renderer\RendererFactory.h" />
    <ClInclude Include="Graphics\Renderer\RendererTypes.h" />
    <ClInclude Include="IO\Image.h" />
    <ClInclude Include="Graphics\Renderer\DepthStencil.h" />
    <ClInclude Include="Graphics\API\Direct3D\D3DShaderProgram.h" />
    <ClInclude Include="Graphics\API\Direct3D\D3DVertexBuffer.h" />
    <ClInclude Include="Graphics\API\Direct3D\D3DIndexBuffer.h" />
    <ClInclude Include="IO\Log.h" />
    <ClInclude Include="Graphics\API\Direct3D\D3DRenderer.h" />
    <ClInclude Include="Graphics\API\OpenGL\WGLRenderer.h" />
    <ClInclude Include="Graphics\API\OpenGL\GLXRenderer.h" />
    <ClInclude Include="Graphics\Shaders\IShaderProgram.h" />
    <ClInclude Include="Graphics\API\OpenGL\GLShaderProgram.h" />
    <ClInclude Include="Graphics\Shaders\ShaderProgramFactory.h" />
    <ClInclude Include="Graphics\IDrawable.h" />
    <ClInclude Include="Graphics\API\IVertexBuffer.h" />
    <ClInclude Include="Graphics\API\IIndexBuffer.h" />
    <ClInclude Include="Graphics\API\IConstantBuffer.h" />
    <ClInclude Include="Graphics\Buffers\NewUniformBuffer.h" />
    <ClInclude Include="Graphics\Objects\Primitives\Cube.h" />
    <ClInclude Include="Graphics\Objects\Primitives\Sphere.h" />
    <ClInclude Include="Graphics\Objects\Primitives\Cylinder.h" />
    <ClInclude Include="Graphics\Objects\Primitives\Pyramid.h" />
    <ClInclude Include="Graphics\Material.h" />
  </ItemGroup>
  <ItemGroup>
    <ClCompile Include="Window.cpp" />
    <ClCompile Include="Graphics\Renderer.cpp" />
    <ClCompile Include="Graphics\UniformBuffer.cpp" />
    <ClCompile Include="IO\File.cpp" />
    <ClCompile Include="Graphics\Camera.cpp" />
    <ClCompile Include="Graphics\Colors.cpp" />
    <ClCompile Include="Graphics\Textures\CubeMap.cpp" />
    <ClCompile Include="Graphics\Textures\Texture2D.cpp" />
    <ClCompile Include="Graphics\Buffers\FrameBuffer.cpp" />
    <ClCompile Include="Graphics\Objects\Skybox\Skybox.cpp" />
    <ClCompile Include="Graphics\Objects\Text\Text.cpp" />
    <ClCompile Include="Graphics\Buffers\VertexBuffer.cpp" />
    <ClCompile Include="Graphics\Buffers\ElementBuffer.cpp" />
    <ClCompile Include="Graphics\Objects\Cameras\CameraManager.cpp" />
    <ClCompile Include="Graphics\Objects\Cameras\PivotCamera.cpp" />
    <ClCompile Include="Graphics\Textures\Atlas.cpp" />
    <ClCompile Include="Graphics\Objects\Model\Model.cpp" />
    <ClCompile Include="Graphics\Objects\Model\Mesh.cpp" />
    <ClCompile Include="Graphics\Shaders\ShaderProgram.cpp" />
    <ClCompile Include="IO\Image.cpp" />
    <ClCompile Include="Graphics\API\Direct3D\D3DRenderer.cpp" />
    <ClCompile Include="Graphics\API\OpenGL\WGLRenderer.cpp" />
    <ClCompile Include="Graphics\API\OpenGL\GLXRenderer.cpp" />
    <ClCompile Include="Graphics\API\Direct3D\D3DShaderProgram.cpp" />
    <ClCompile Include="Main.cpp" />
    <ClCompile Include="Graphics\Buffers\NewUniformBuffer.cpp" />
  </ItemGroup>
  <ItemGroup>
    <Text Include="vert.txt" />
    <Text Include="fragNoTextures.txt" />
    <Text Include="fragWithTextures.txt" />
  </ItemGroup>
</Project>